
Microsoft Visual Studio Solution File, Format Version 12.00
# Visual Studio Version 16
VisualStudioVersion = 16.0.30002.166
MinimumVisualStudioVersion = 10.0.40219.1
Project("{9A19103F-16F7-4668-BE54-9A1E7A4F7556}") = "ImplCore", "ImplCore\ImplCore.csproj", "{16A49453-A191-4BD6-BF03-ED4EA7E77C27}"
EndProject
Project("{FAE04EC0-301F-11D3-BF4B-00C04F79EFBC}") = "Tests", "Tests\Tests.csproj", "{504F0A12-7E05-4829-BB5B-385DB1642214}"
EndProject
Global
	GlobalSection(SolutionConfigurationPlatforms) = preSolution
		Debug|Any CPU = Debug|Any CPU
		Release|Any CPU = Release|Any CPU
	EndGlobalSection
	GlobalSection(ProjectConfigurationPlatforms) = postSolution
		{16A49453-A191-4BD6-BF03-ED4EA7E77C27}.Debug|Any CPU.ActiveCfg = Debug|Any CPU
		{16A49453-A191-4BD6-BF03-ED4EA7E77C27}.Debug|Any CPU.Build.0 = Debug|Any CPU
		{16A49453-A191-4BD6-BF03-ED4EA7E77C27}.Release|Any CPU.ActiveCfg = Release|Any CPU
		{16A49453-A191-4BD6-BF03-ED4EA7E77C27}.Release|Any CPU.Build.0 = Release|Any CPU
		{504F0A12-7E05-4829-BB5B-385DB1642214}.Debug|Any CPU.ActiveCfg = Debug|Any CPU
		{504F0A12-7E05-4829-BB5B-385DB1642214}.Debug|Any CPU.Build.0 = Debug|Any CPU
		{504F0A12-7E05-4829-BB5B-385DB1642214}.Release|Any CPU.ActiveCfg = Release|Any CPU
		{504F0A12-7E05-4829-BB5B-385DB1642214}.Release|Any CPU.Build.0 = Release|Any CPU
	EndGlobalSection
	GlobalSection(SolutionProperties) = preSolution
		HideSolutionNode = FALSE
	EndGlobalSection
	GlobalSection(ExtensibilityGlobals) = postSolution
		SolutionGuid = {BE64BE03-8E5D-408C-95EF-C524C378E742}
	EndGlobalSection
EndGlobal
